
Microsoft Visual Studio Solution File, Format Version 12.00
# Visual Studio 15
VisualStudioVersion = 15.0.27703.2035
MinimumVisualStudioVersion = 10.0.40219.1
Project("{FAE04EC0-301F-11D3-BF4B-00C04F79EFBC}") = "WebSocketDemo.Server", "WebSocketDemo.Server\WebSocketDemo.Server.csproj", "{3F8FCF85-2727-432E-A2F5-5E113D74708B}"
EndProject
Project("{9A19103F-16F7-4668-BE54-9A1E7A4F7556}") = "WebSocketDemo.Server.Core", "WebSocketDemo.Server.Core\WebSocketDemo.Server.Core.csproj", "{77DF8D7A-8F76-4BBB-B378-3BD7525DE368}"
EndProject
Project("{9A19103F-16F7-4668-BE54-9A1E7A4F7556}") = "WebSocketManager", "WebSocketManager\WebSocketManager.csproj", "{6A6FEB0C-4F88-4FC9-B546-DE2ACBFF2AB0}"
EndProject
Global
	GlobalSection(SolutionConfigurationPlatforms) = preSolution
		Debug|Any CPU = Debug|Any CPU
		Release|Any CPU = Release|Any CPU
	EndGlobalSection
	GlobalSection(ProjectConfigurationPlatforms) = postSolution
		{3F8FCF85-2727-432E-A2F5-5E113D74708B}.Debug|Any CPU.ActiveCfg = Debug|Any CPU
		{3F8FCF85-2727-432E-A2F5-5E113D74708B}.Debug|Any CPU.Build.0 = Debug|Any CPU
		{3F8FCF85-2727-432E-A2F5-5E113D74708B}.Release|Any CPU.ActiveCfg = Release|Any CPU
		{3F8FCF85-2727-432E-A2F5-5E113D74708B}.Release|Any CPU.Build.0 = Release|Any CPU
		{77DF8D7A-8F76-4BBB-B378-3BD7525DE368}.Debug|Any CPU.ActiveCfg = Debug|Any CPU
		{77DF8D7A-8F76-4BBB-B378-3BD7525DE368}.Debug|Any CPU.Build.0 = Debug|Any CPU
		{77DF8D7A-8F76-4BBB-B378-3BD7525DE368}.Release|Any CPU.ActiveCfg = Release|Any CPU
		{77DF8D7A-8F76-4BBB-B378-3BD7525DE368}.Release|Any CPU.Build.0 = Release|Any CPU
		{6A6FEB0C-4F88-4FC9-B546-DE2ACBFF2AB0}.Debug|Any CPU.ActiveCfg = Debug|Any CPU
		{6A6FEB0C-4F88-4FC9-B546-DE2ACBFF2AB0}.Debug|Any CPU.Build.0 = Debug|Any CPU
		{6A6FEB0C-4F88-4FC9-B546-DE2ACBFF2AB0}.Release|Any CPU.ActiveCfg = Release|Any CPU
		{6A6FEB0C-4F88-4FC9-B546-DE2ACBFF2AB0}.Release|Any CPU.Build.0 = Release|Any CPU
	EndGlobalSection
	GlobalSection(SolutionProperties) = preSolution
		HideSolutionNode = FALSE
	EndGlobalSection
	GlobalSection(ExtensibilityGlobals) = postSolution
		SolutionGuid = {7BB76842-EA00-44DC-87B5-BF5936FFAFA6}
	EndGlobalSection
EndGlobal
